// !$*UTF8*$!
{
	archiveVersion = 1;
	classes = {
	};
	objectVersion = 55;
	objects = {

/* Begin PBXBuildFile section */
		B736519A284BC499001D7ED5 /* Topics.json in Resources */ = {isa = PBXBuildFile; fileRef = B7365199284BC498001D7ED5 /* Topics.json */; };
		B736519C284BC4EB001D7ED5 /* Vocabulary.json in Resources */ = {isa = PBXBuildFile; fileRef = B736519B284BC4EB001D7ED5 /* Vocabulary.json */; };
		B736519E284BC63B001D7ED5 /* Phrase.json in Resources */ = {isa = PBXBuildFile; fileRef = B736519D284BC63B001D7ED5 /* Phrase.json */; };
		B73651A0284BC99A001D7ED5 /* MainView.swift in Sources */ = {isa = PBXBuildFile; fileRef = B736519F284BC99A001D7ED5 /* MainView.swift */; };
		B73651A2284BC9DE001D7ED5 /* SpeechService.swift in Sources */ = {isa = PBXBuildFile; fileRef = B73651A1284BC9DE001D7ED5 /* SpeechService.swift */; };
		B73651A4284BCAC0001D7ED5 /* LanguageService.swift in Sources */ = {isa = PBXBuildFile; fileRef = B73651A3284BCAC0001D7ED5 /* LanguageService.swift */; };
		B73651A6284BCD01001D7ED5 /* Models.swift in Sources */ = {isa = PBXBuildFile; fileRef = B73651A5284BCD01001D7ED5 /* Models.swift */; };
		B7669F61284576FF00B2ED80 /* VisualisationHelper.swift in Sources */ = {isa = PBXBuildFile; fileRef = B7669F60284576FF00B2ED80 /* VisualisationHelper.swift */; };
		B7D05969283A2BED00F3E59E /* marnieApp.swift in Sources */ = {isa = PBXBuildFile; fileRef = B7D05968283A2BED00F3E59E /* marnieApp.swift */; };
		B7D0596B283A2BED00F3E59E /* GameView.swift in Sources */ = {isa = PBXBuildFile; fileRef = B7D0596A283A2BED00F3E59E /* GameView.swift */; };
		B7D0596D283A2BF100F3E59E /* Assets.xcassets in Resources */ = {isa = PBXBuildFile; fileRef = B7D0596C283A2BF100F3E59E /* Assets.xcassets */; };
		B7D05970283A2BF100F3E59E /* Preview Assets.xcassets in Resources */ = {isa = PBXBuildFile; fileRef = B7D0596F283A2BF100F3E59E /* Preview Assets.xcassets */; };
/* End PBXBuildFile section */

/* Begin PBXFileReference section */
		B7365199284BC498001D7ED5 /* Topics.json */ = {isa = PBXFileReference; lastKnownFileType = text.json; path = Topics.json; sourceTree = "<group>"; };
		B736519B284BC4EB001D7ED5 /* Vocabulary.json */ = {isa = PBXFileReference; lastKnownFileType = text.json; path = Vocabulary.json; sourceTree = "<group>"; };
		B736519D284BC63B001D7ED5 /* Phrase.json */ = {isa = PBXFileReference; lastKnownFileType = text.json; path = Phrase.json; sourceTree = "<group>"; };
		B736519F284BC99A001D7ED5 /* MainView.swift */ = {isa = PBXFileReference; lastKnownFileType = sourcecode.swift; path = MainView.swift; sourceTree = "<group>"; };
		B73651A1284BC9DE001D7ED5 /* SpeechService.swift */ = {isa = PBXFileReference; lastKnownFileType = sourcecode.swift; path = SpeechService.swift; sourceTree = "<group>"; };
		B73651A3284BCAC0001D7ED5 /* LanguageService.swift */ = {isa = PBXFileReference; lastKnownFileType = sourcecode.swift; path = LanguageService.swift; sourceTree = "<group>"; };
		B73651A5284BCD01001D7ED5 /* Models.swift */ = {isa = PBXFileReference; lastKnownFileType = sourcecode.swift; path = Models.swift; sourceTree = "<group>"; };
		B7669F60284576FF00B2ED80 /* VisualisationHelper.swift */ = {isa = PBXFileReference; lastKnownFileType = sourcecode.swift; path = VisualisationHelper.swift; sourceTree = "<group>"; };
		B7D05965283A2BED00F3E59E /* Marnie.app */ = {isa = PBXFileReference; explicitFileType = wrapper.application; includeInIndex = 0; path = Marnie.app; sourceTree = BUILT_PRODUCTS_DIR; };
		B7D05968283A2BED00F3E59E /* marnieApp.swift */ = {isa = PBXFileReference; lastKnownFileType = sourcecode.swift; path = marnieApp.swift; sourceTree = "<group>"; };
		B7D0596A283A2BED00F3E59E /* GameView.swift */ = {isa = PBXFileReference; lastKnownFileType = sourcecode.swift; path = GameView.swift; sourceTree = "<group>"; };
		B7D0596C283A2BF100F3E59E /* Assets.xcassets */ = {isa = PBXFileReference; lastKnownFileType = folder.assetcatalog; path = Assets.xcassets; sourceTree = "<group>"; };
		B7D0596F283A2BF100F3E59E /* Preview Assets.xcassets */ = {isa = PBXFileReference; lastKnownFileType = folder.assetcatalog; path = "Preview Assets.xcassets"; sourceTree = "<group>"; };
/* End PBXFileReference section */

/* Begin PBXFrameworksBuildPhase section */
		B7D05962283A2BED00F3E59E /* Frameworks */ = {
			isa = PBXFrameworksBuildPhase;
			buildActionMask = 2147483647;
			files = (
			);
			runOnlyForDeploymentPostprocessing = 0;
		};
/* End PBXFrameworksBuildPhase section */

/* Begin PBXGroup section */
		B7D0595C283A2BED00F3E59E = {
			isa = PBXGroup;
			children = (
				B7D05967283A2BED00F3E59E /* marnie */,
				B7D05966283A2BED00F3E59E /* Products */,
			);
			sourceTree = "<group>";
		};
		B7D05966283A2BED00F3E59E /* Products */ = {
			isa = PBXGroup;
			children = (
				B7D05965283A2BED00F3E59E /* Marnie.app */,
			);
			name = Products;
			sourceTree = "<group>";
		};
		B7D05967283A2BED00F3E59E /* marnie */ = {
			isa = PBXGroup;
			children = (
				B7D05968283A2BED00F3E59E /* marnieApp.swift */,
				B736519F284BC99A001D7ED5 /* MainView.swift */,
				B7D0596A283A2BED00F3E59E /* GameView.swift */,
				B73651A1284BC9DE001D7ED5 /* SpeechService.swift */,
				B73651A3284BCAC0001D7ED5 /* LanguageService.swift */,
				B7669F60284576FF00B2ED80 /* VisualisationHelper.swift */,
				B73651A5284BCD01001D7ED5 /* Models.swift */,
				B7365199284BC498001D7ED5 /* Topics.json */,
				B736519B284BC4EB001D7ED5 /* Vocabulary.json */,
				B736519D284BC63B001D7ED5 /* Phrase.json */,
				B7D0596C283A2BF100F3E59E /* Assets.xcassets */,
				B7D0596E283A2BF100F3E59E /* Preview Content */,
			);
			path = marnie;
			sourceTree = "<group>";
		};
		B7D0596E283A2BF100F3E59E /* Preview Content */ = {
			isa = PBXGroup;
			children = (
				B7D0596F283A2BF100F3E59E /* Preview Assets.xcassets */,
			);
			path = "Preview Content";
			sourceTree = "<group>";
		};
/* End PBXGroup section */

/* Begin PBXNativeTarget section */
		B7D05964283A2BED00F3E59E /* marnie */ = {
			isa = PBXNativeTarget;
			buildConfigurationList = B7D05973283A2BF100F3E59E /* Build configuration list for PBXNativeTarget "marnie" */;
			buildPhases = (
				B7D05961283A2BED00F3E59E /* Sources */,
				B7D05962283A2BED00F3E59E /* Frameworks */,
				B7D05963283A2BED00F3E59E /* Resources */,
			);
			buildRules = (
			);
			dependencies = (
			);
			name = marnie;
			productName = marnie;
			productReference = B7D05965283A2BED00F3E59E /* Marnie.app */;
			productType = "com.apple.product-type.application";
		};
/* End PBXNativeTarget section */

/* Begin PBXProject section */
		B7D0595D283A2BED00F3E59E /* Project object */ = {
			isa = PBXProject;
			attributes = {
				BuildIndependentTargetsInParallel = 1;
				LastSwiftUpdateCheck = 1300;
				LastUpgradeCheck = 1300;
				TargetAttributes = {
					B7D05964283A2BED00F3E59E = {
						CreatedOnToolsVersion = 13.0;
					};
				};
			};
			buildConfigurationList = B7D05960283A2BED00F3E59E /* Build configuration list for PBXProject "marnie" */;
			compatibilityVersion = "Xcode 13.0";
			developmentRegion = en;
			hasScannedForEncodings = 0;
			knownRegions = (
				en,
				Base,
			);
			mainGroup = B7D0595C283A2BED00F3E59E;
			productRefGroup = B7D05966283A2BED00F3E59E /* Products */;
			projectDirPath = "";
			projectRoot = "";
			targets = (
				B7D05964283A2BED00F3E59E /* marnie */,
			);
		};
/* End PBXProject section */

/* Begin PBXResourcesBuildPhase section */
		B7D05963283A2BED00F3E59E /* Resources */ = {
			isa = PBXResourcesBuildPhase;
			buildActionMask = 2147483647;
			files = (
				B7D05970283A2BF100F3E59E /* Preview Assets.xcassets in Resources */,
				B736519A284BC499001D7ED5 /* Topics.json in Resources */,
				B7D0596D283A2BF100F3E59E /* Assets.xcassets in Resources */,
				B736519E284BC63B001D7ED5 /* Phrase.json in Resources */,
				B736519C284BC4EB001D7ED5 /* Vocabulary.json in Resources */,
			);
			runOnlyForDeploymentPostprocessing = 0;
		};
/* End PBXResourcesBuildPhase section */

/* Begin PBXSourcesBuildPhase section */
		B7D05961283A2BED00F3E59E /* Sources */ = {
			isa = PBXSourcesBuildPhase;
			buildActionMask = 2147483647;
			files = (
				B7D0596B283A2BED00F3E59E /* GameView.swift in Sources */,
				B73651A4284BCAC0001D7ED5 /* LanguageService.swift in Sources */,
				B73651A0284BC99A001D7ED5 /* MainView.swift in Sources */,
				B73651A2284BC9DE001D7ED5 /* SpeechService.swift in Sources */,
				B7669F61284576FF00B2ED80 /* VisualisationHelper.swift in Sources */,
				B7D05969283A2BED00F3E59E /* marnieApp.swift in Sources */,
				B73651A6284BCD01001D7ED5 /* Models.swift in Sources */,
			);
			runOnlyForDeploymentPostprocessing = 0;
		};
/* End PBXSourcesBuildPhase section */

/* Begin XCBuildConfiguration section */
		B7D05971283A2BF100F3E59E /* Debug */ = {
			isa = XCBuildConfiguration;
			buildSettings = {
				ALWAYS_SEARCH_USER_PATHS = NO;
				CLANG_ANALYZER_NONNULL = YES;
				CLANG_ANALYZER_NUMBER_OBJECT_CONVERSION = YES_AGGRESSIVE;
				CLANG_CXX_LANGUAGE_STANDARD = "gnu++17";
				CLANG_CXX_LIBRARY = "libc++";
				CLANG_ENABLE_MODULES = YES;
				CLANG_ENABLE_OBJC_ARC = YES;
				CLANG_ENABLE_OBJC_WEAK = YES;
				CLANG_WARN_BLOCK_CAPTURE_AUTORELEASING = YES;
				CLANG_WARN_BOOL_CONVERSION = YES;
				CLANG_WARN_COMMA = YES;
				CLANG_WARN_CONSTANT_CONVERSION = YES;
				CLANG_WARN_DEPRECATED_OBJC_IMPLEMENTATIONS = YES;
				CLANG_WARN_DIRECT_OBJC_ISA_USAGE = YES_ERROR;
				CLANG_WARN_DOCUMENTATION_COMMENTS = YES;
				CLANG_WARN_EMPTY_BODY = YES;
				CLANG_WARN_ENUM_CONVERSION = YES;
				CLANG_WARN_INFINITE_RECURSION = YES;
				CLANG_WARN_INT_CONVERSION = YES;
				CLANG_WARN_NON_LITERAL_NULL_CONVERSION = YES;
				CLANG_WARN_OBJC_IMPLICIT_RETAIN_SELF = YES;
				CLANG_WARN_OBJC_LITERAL_CONVERSION = YES;
				CLANG_WARN_OBJC_ROOT_CLASS = YES_ERROR;
				CLANG_WARN_QUOTED_INCLUDE_IN_FRAMEWORK_HEADER = YES;
				CLANG_WARN_RANGE_LOOP_ANALYSIS = YES;
				CLANG_WARN_STRICT_PROTOTYPES = YES;
				CLANG_WARN_SUSPICIOUS_MOVE = YES;
				CLANG_WARN_UNGUARDED_AVAILABILITY = YES_AGGRESSIVE;
				CLANG_WARN_UNREACHABLE_CODE = YES;
				CLANG_WARN__DUPLICATE_METHOD_MATCH = YES;
				COPY_PHASE_STRIP = NO;
				DEBUG_INFORMATION_FORMAT = dwarf;
				ENABLE_STRICT_OBJC_MSGSEND = YES;
				ENABLE_TESTABILITY = YES;
				GCC_C_LANGUAGE_STANDARD = gnu11;
				GCC_DYNAMIC_NO_PIC = NO;
				GCC_NO_COMMON_BLOCKS = YES;
				GCC_OPTIMIZATION_LEVEL = 0;
				GCC_PREPROCESSOR_DEFINITIONS = (
					"DEBUG=1",
					"$(inherited)",
				);
				GCC_WARN_64_TO_32_BIT_CONVERSION = YES;
				GCC_WARN_ABOUT_RETURN_TYPE = YES_ERROR;
				GCC_WARN_UNDECLARED_SELECTOR = YES;
				GCC_WARN_UNINITIALIZED_AUTOS = YES_AGGRESSIVE;
				GCC_WARN_UNUSED_FUNCTION = YES;
				GCC_WARN_UNUSED_VARIABLE = YES;
				IPHONEOS_DEPLOYMENT_TARGET = 15.0;
				MTL_ENABLE_DEBUG_INFO = INCLUDE_SOURCE;
				MTL_FAST_MATH = YES;
				ONLY_ACTIVE_ARCH = YES;
				SDKROOT = iphoneos;
				SWIFT_ACTIVE_COMPILATION_CONDITIONS = DEBUG;
				SWIFT_OPTIMIZATION_LEVEL = "-Onone";
			};
			name = Debug;
		};
		B7D05972283A2BF100F3E59E /* Release */ = {
			isa = XCBuildConfiguration;
			buildSettings = {
				ALWAYS_SEARCH_USER_PATHS = NO;
				CLANG_ANALYZER_NONNULL = YES;
				CLANG_ANALYZER_NUMBER_OBJECT_CONVERSION = YES_AGGRESSIVE;
				CLANG_CXX_LANGUAGE_STANDARD = "gnu++17";
				CLANG_CXX_LIBRARY = "libc++";
				CLANG_ENABLE_MODULES = YES;
				CLANG_ENABLE_OBJC_ARC = YES;
				CLANG_ENABLE_OBJC_WEAK = YES;
				CLANG_WARN_BLOCK_CAPTURE_AUTORELEASING = YES;
				CLANG_WARN_BOOL_CONVERSION = YES;
				CLANG_WARN_COMMA = YES;
				CLANG_WARN_CONSTANT_CONVERSION = YES;
				CLANG_WARN_DEPRECATED_OBJC_IMPLEMENTATIONS = YES;
				CLANG_WARN_DIRECT_OBJC_ISA_USAGE = YES_ERROR;
				CLANG_WARN_DOCUMENTATION_COMMENTS = YES;
				CLANG_WARN_EMPTY_BODY = YES;
				CLANG_WARN_ENUM_CONVERSION = YES;
				CLANG_WARN_INFINITE_RECURSION = YES;
				CLANG_WARN_INT_CONVERSION = YES;
				CLANG_WARN_NON_LITERAL_NULL_CONVERSION = YES;
				CLANG_WARN_OBJC_IMPLICIT_RETAIN_SELF = YES;
				CLANG_WARN_OBJC_LITERAL_CONVERSION = YES;
				CLANG_WARN_OBJC_ROOT_CLASS = YES_ERROR;
				CLANG_WARN_QUOTED_INCLUDE_IN_FRAMEWORK_HEADER = YES;
				CLANG_WARN_RANGE_LOOP_ANALYSIS = YES;
				CLANG_WARN_STRICT_PROTOTYPES = YES;
				CLANG_WARN_SUSPICIOUS_MOVE = YES;
				CLANG_WARN_UNGUARDED_AVAILABILITY = YES_AGGRESSIVE;
				CLANG_WARN_UNREACHABLE_CODE = YES;
				CLANG_WARN__DUPLICATE_METHOD_MATCH = YES;
				COPY_PHASE_STRIP = NO;
				DEBUG_INFORMATION_FORMAT = "dwarf-with-dsym";
				ENABLE_NS_ASSERTIONS = NO;
				ENABLE_STRICT_OBJC_MSGSEND = YES;
				GCC_C_LANGUAGE_STANDARD = gnu11;
				GCC_NO_COMMON_BLOCKS = YES;
				GCC_WARN_64_TO_32_BIT_CONVERSION = YES;
				GCC_WARN_ABOUT_RETURN_TYPE = YES_ERROR;
				GCC_WARN_UNDECLARED_SELECTOR = YES;
				GCC_WARN_UNINITIALIZED_AUTOS = YES_AGGRESSIVE;
				GCC_WARN_UNUSED_FUNCTION = YES;
				GCC_WARN_UNUSED_VARIABLE = YES;
				IPHONEOS_DEPLOYMENT_TARGET = 15.0;
				MTL_ENABLE_DEBUG_INFO = NO;
				MTL_FAST_MATH = YES;
				SDKROOT = iphoneos;
				SWIFT_COMPILATION_MODE = wholemodule;
				SWIFT_OPTIMIZATION_LEVEL = "-O";
				VALIDATE_PRODUCT = YES;
			};
			name = Release;
		};
		B7D05974283A2BF100F3E59E /* Debug */ = {
			isa = XCBuildConfiguration;
			buildSettings = {
				ASSETCATALOG_COMPILER_APPICON_NAME = AppIcon;
				ASSETCATALOG_COMPILER_GLOBAL_ACCENT_COLOR_NAME = AccentColor;
				CODE_SIGN_STYLE = Automatic;
				CURRENT_PROJECT_VERSION = 1;
				DEVELOPMENT_ASSET_PATHS = "\"marnie/Preview Content\"";
				DEVELOPMENT_TEAM = 27W5LD33EA;
				ENABLE_PREVIEWS = YES;
				GENERATE_INFOPLIST_FILE = YES;
				INFOPLIST_KEY_UIApplicationSceneManifest_Generation = YES;
				INFOPLIST_KEY_UIApplicationSupportsIndirectInputEvents = YES;
				INFOPLIST_KEY_UILaunchScreen_Generation = YES;
				INFOPLIST_KEY_UISupportedInterfaceOrientations = UIInterfaceOrientationPortrait;
				INFOPLIST_KEY_UISupportedInterfaceOrientations_iPad = "UIInterfaceOrientationPortrait UIInterfaceOrientationPortraitUpsideDown UIInterfaceOrientationLandscapeLeft UIInterfaceOrientationLandscapeRight";
				INFOPLIST_KEY_UISupportedInterfaceOrientations_iPhone = "UIInterfaceOrientationPortrait UIInterfaceOrientationLandscapeLeft UIInterfaceOrientationLandscapeRight";
				IPHONEOS_DEPLOYMENT_TARGET = 15.0;
				LD_RUNPATH_SEARCH_PATHS = (
					"$(inherited)",
					"@executable_path/Frameworks",
				);
				MARKETING_VERSION = 1.0;
				PRODUCT_BUNDLE_IDENTIFIER = com.nurios.marnie;
				PRODUCT_NAME = Marnie;
				SWIFT_EMIT_LOC_STRINGS = YES;
				SWIFT_VERSION = 5.0;
				TARGETED_DEVICE_FAMILY = 1;
			};
			name = Debug;
		};
		B7D05975283A2BF100F3E59E /* Release */ = {
			isa = XCBuildConfiguration;
			buildSettings = {
				ASSETCATALOG_COMPILER_APPICON_NAME = AppIcon;
				ASSETCATALOG_COMPILER_GLOBAL_ACCENT_COLOR_NAME = AccentColor;
				CODE_SIGN_STYLE = Automatic;
				CURRENT_PROJECT_VERSION = 1;
				DEVELOPMENT_ASSET_PATHS = "\"marnie/Preview Content\"";
				DEVELOPMENT_TEAM = 27W5LD33EA;
				ENABLE_PREVIEWS = YES;
				GENERATE_INFOPLIST_FILE = YES;
				INFOPLIST_KEY_UIApplicationSceneManifest_Generation = YES;
				INFOPLIST_KEY_UIApplicationSupportsIndirectInputEvents = YES;
				INFOPLIST_KEY_UILaunchScreen_Generation = YES;
				INFOPLIST_KEY_UISupportedInterfaceOrientations = UIInterfaceOrientationPortrait;
				INFOPLIST_KEY_UISupportedInterfaceOrientations_iPad = "UIInterfaceOrientationPortrait UIInterfaceOrientationPortraitUpsideDown UIInterfaceOrientationLandscapeLeft UIInterfaceOrientationLandscapeRight";
				INFOPLIST_KEY_UISupportedInterfaceOrientations_iPhone = "UIInterfaceOrientationPortrait UIInterfaceOrientationLandscapeLeft UIInterfaceOrientationLandscapeRight";
				IPHONEOS_DEPLOYMENT_TARGET = 15.0;
				LD_RUNPATH_SEARCH_PATHS = (
					"$(inherited)",
					"@executable_path/Frameworks",
				);
				MARKETING_VERSION = 1.0;
				PRODUCT_BUNDLE_IDENTIFIER = com.nurios.marnie;
				PRODUCT_NAME = Marnie;
				SWIFT_EMIT_LOC_STRINGS = YES;
				SWIFT_VERSION = 5.0;
				TARGETED_DEVICE_FAMILY = 1;
			};
			name = Release;
		};
/* End XCBuildConfiguration section */

/* Begin XCConfigurationList section */
		B7D05960283A2BED00F3E59E /* Build configuration list for PBXProject "marnie" */ = {
			isa = XCConfigurationList;
			buildConfigurations = (
				B7D05971283A2BF100F3E59E /* Debug */,
				B7D05972283A2BF100F3E59E /* Release */,
			);
			defaultConfigurationIsVisible = 0;
			defaultConfigurationName = Release;
		};
		B7D05973283A2BF100F3E59E /* Build configuration list for PBXNativeTarget "marnie" */ = {
			isa = XCConfigurationList;
			buildConfigurations = (
				B7D05974283A2BF100F3E59E /* Debug */,
				B7D05975283A2BF100F3E59E /* Release */,
			);
			defaultConfigurationIsVisible = 0;
			defaultConfigurationName = Release;
		};
/* End XCConfigurationList section */
	};
	rootObject = B7D0595D283A2BED00F3E59E /* Project object */;
}
